
Microsoft Visual Studio Solution File, Format Version 12.00
# Visual Studio Version 17
VisualStudioVersion = 17.4.33205.214
MinimumVisualStudioVersion = 10.0.40219.1
Project("{FAE04EC0-301F-11D3-BF4B-00C04F79EFBC}") = "NetworkSniffer", "NetworkSniffer\NetworkSniffer.csproj", "{32FF54AF-AF2C-416C-867A-51B56BC40E17}"
EndProject
Global
	GlobalSection(SolutionConfigurationPlatforms) = preSolution
		Debug|Any CPU = Debug|Any CPU
		Release|Any CPU = Release|Any CPU
	EndGlobalSection
	GlobalSection(ProjectConfigurationPlatforms) = postSolution
		{32FF54AF-AF2C-416C-867A-51B56BC40E17}.Debug|Any CPU.ActiveCfg = Debug|Any CPU
		{32FF54AF-AF2C-416C-867A-51B56BC40E17}.Debug|Any CPU.Build.0 = Debug|Any CPU
		{32FF54AF-AF2C-416C-867A-51B56BC40E17}.Release|Any CPU.ActiveCfg = Release|Any CPU
		{32FF54AF-AF2C-416C-867A-51B56BC40E17}.Release|Any CPU.Build.0 = Release|Any CPU
	EndGlobalSection
	GlobalSection(SolutionProperties) = preSolution
		HideSolutionNode = FALSE
	EndGlobalSection
	GlobalSection(ExtensibilityGlobals) = postSolution
		SolutionGuid = {7CECA1EC-B3C3-469B-A397-D7D5BDF68344}
	EndGlobalSection
EndGlobal
